{
  "originHash" : "194d8ad32fb04a76fca0cfe8af77c419fd169d5bdb33d668acd6e13e82256a12",
  "pins" : [
    {
      "identity" : "apphudsdk",
      "kind" : "remoteSourceControl",
      "location" : "https://github.com/apphud/ApphudSDK",
      "state" : {
        "revision" : "0529c5ac75f01742f7231c212f770f01c98e1845",
        "version" : "4.0.0"
      }
    },
    {
      "identity" : "appsflyerframework",
      "kind" : "remoteSourceControl",
      "location" : "https://github.com/AppsFlyerSDK/AppsFlyerFramework.git",
      "state" : {
        "revision" : "43147aff398c1d9973f2f5dbe1193ad5d2e82d74",
        "version" : "6.17.7"
      }
    },
    {
      "identity" : "punycodeswift",
      "kind" : "remoteSourceControl",
      "location" : "https://github.com/gumob/PunycodeSwift.git",
      "state" : {
        "revision" : "30a462bdb4398ea835a3585472229e0d74b36ba5",
        "version" : "3.0.0"
      }
    }
  ],
  "version" : 3
}
